
Microsoft Visual Studio Solution File, Format Version 12.00
# Visual Studio Version 16
VisualStudioVersion = 16.0.34301.259
MinimumVisualStudioVersion = 10.0.40219.1
Project("{FAE04EC0-301F-11D3-BF4B-00C04F79EFBC}") = "MasterPol", "MasterPol\MasterPol.csproj", "{A174C497-9180-4C02-A07A-82492CDAC9E3}"
EndProject
Global
	GlobalSection(SolutionConfigurationPlatforms) = preSolution
		Debug|Any CPU = Debug|Any CPU
		Release|Any CPU = Release|Any CPU
	EndGlobalSection
	GlobalSection(ProjectConfigurationPlatforms) = postSolution
		{A174C497-9180-4C02-A07A-82492CDAC9E3}.Debug|Any CPU.ActiveCfg = Debug|Any CPU
		{A174C497-9180-4C02-A07A-82492CDAC9E3}.Debug|Any CPU.Build.0 = Debug|Any CPU
		{A174C497-9180-4C02-A07A-82492CDAC9E3}.Release|Any CPU.ActiveCfg = Release|Any CPU
		{A174C497-9180-4C02-A07A-82492CDAC9E3}.Release|Any CPU.Build.0 = Release|Any CPU
	EndGlobalSection
	GlobalSection(SolutionProperties) = preSolution
		HideSolutionNode = FALSE
	EndGlobalSection
	GlobalSection(ExtensibilityGlobals) = postSolution
		SolutionGuid = {F7AB73FC-21EC-4E64-84E0-63BB18739699}
	EndGlobalSection
EndGlobal
